
Microsoft Visual Studio Solution File, Format Version 12.00
# Visual Studio Version 17
VisualStudioVersion = 17.5.33516.290
MinimumVisualStudioVersion = 10.0.40219.1
Project("{C9674DCB-5085-4A16-B785-4C70DD1589BD}") = "ETL", "Integration Services Project1\ETL.dtproj", "{631D0F41-95F4-400A-93AF-5E3DE2F4E71E}"
EndProject
Global
	GlobalSection(SolutionConfigurationPlatforms) = preSolution
		Development|Default = Development|Default
	EndGlobalSection
	GlobalSection(ProjectConfigurationPlatforms) = postSolution
		{631D0F41-95F4-400A-93AF-5E3DE2F4E71E}.Development|Default.ActiveCfg = Development
		{631D0F41-95F4-400A-93AF-5E3DE2F4E71E}.Development|Default.Build.0 = Development
	EndGlobalSection
	GlobalSection(SolutionProperties) = preSolution
		HideSolutionNode = FALSE
	EndGlobalSection
	GlobalSection(ExtensibilityGlobals) = postSolution
		SolutionGuid = {CA647870-9A60-4668-85D9-FAC0E7BE1347}
	EndGlobalSection
EndGlobal
