
Microsoft Visual Studio Solution File, Format Version 12.00
# Visual Studio Version 17
VisualStudioVersion = 17.5.33516.290
MinimumVisualStudioVersion = 10.0.40219.1
Project("{D2ABAB84-BF74-430A-B69E-9DC6D40DDA17}") = "OLAP", "OLAP\OLAP.dwproj", "{E29FE68B-C753-4FCB-ADF9-394AD1C6C642}"
EndProject
Global
	GlobalSection(SolutionConfigurationPlatforms) = preSolution
		Development|Default = Development|Default
	EndGlobalSection
	GlobalSection(ProjectConfigurationPlatforms) = postSolution
		{E29FE68B-C753-4FCB-ADF9-394AD1C6C642}.Development|Default.ActiveCfg = Development
		{E29FE68B-C753-4FCB-ADF9-394AD1C6C642}.Development|Default.Build.0 = Development
		{E29FE68B-C753-4FCB-ADF9-394AD1C6C642}.Development|Default.Deploy.0 = Development
	EndGlobalSection
	GlobalSection(SolutionProperties) = preSolution
		HideSolutionNode = FALSE
	EndGlobalSection
	GlobalSection(ExtensibilityGlobals) = postSolution
		SolutionGuid = {C3DD069E-69BC-4459-B27B-EA85166A0AAD}
	EndGlobalSection
EndGlobal
